
Microsoft Visual Studio Solution File, Format Version 12.00
# Visual Studio Version 17
VisualStudioVersion = 17.6.33815.320
MinimumVisualStudioVersion = 10.0.40219.1
Project("{FAE04EC0-301F-11D3-BF4B-00C04F79EFBC}") = "DemoDriveInfo", "DemoDriveInfo\DemoDriveInfo.csproj", "{68B96C90-9EAB-49AF-A028-787D8B1A75CC}"
EndProject
Global
	GlobalSection(SolutionConfigurationPlatforms) = preSolution
		Debug|Any CPU = Debug|Any CPU
		Release|Any CPU = Release|Any CPU
	EndGlobalSection
	GlobalSection(ProjectConfigurationPlatforms) = postSolution
		{68B96C90-9EAB-49AF-A028-787D8B1A75CC}.Debug|Any CPU.ActiveCfg = Debug|Any CPU
		{68B96C90-9EAB-49AF-A028-787D8B1A75CC}.Debug|Any CPU.Build.0 = Debug|Any CPU
		{68B96C90-9EAB-49AF-A028-787D8B1A75CC}.Release|Any CPU.ActiveCfg = Release|Any CPU
		{68B96C90-9EAB-49AF-A028-787D8B1A75CC}.Release|Any CPU.Build.0 = Release|Any CPU
	EndGlobalSection
	GlobalSection(SolutionProperties) = preSolution
		HideSolutionNode = FALSE
	EndGlobalSection
	GlobalSection(ExtensibilityGlobals) = postSolution
		SolutionGuid = {2AF49CF7-3561-4269-89BB-298BD9CD5D19}
	EndGlobalSection
EndGlobal
